
Microsoft Visual Studio Solution File, Format Version 11.00
# Visual Studio 2010
Project("{FAE04EC0-301F-11D3-BF4B-00C04F79EFBC}") = "Zombie Attack", "Assembly-CSharp.csproj", "{023604D3-B00D-2D8E-8DC0-5E1F4A85028F}"
EndProject
Global
	GlobalSection(SolutionConfigurationPlatforms) = preSolution
		Debug|Any CPU = Debug|Any CPU
		Release|Any CPU = Release|Any CPU
	EndGlobalSection
	GlobalSection(ProjectConfigurationPlatforms) = postSolution
		{023604D3-B00D-2D8E-8DC0-5E1F4A85028F}.Debug|Any CPU.ActiveCfg = Debug|Any CPU
		{023604D3-B00D-2D8E-8DC0-5E1F4A85028F}.Debug|Any CPU.Build.0 = Debug|Any CPU
		{023604D3-B00D-2D8E-8DC0-5E1F4A85028F}.Release|Any CPU.ActiveCfg = Release|Any CPU
		{023604D3-B00D-2D8E-8DC0-5E1F4A85028F}.Release|Any CPU.Build.0 = Release|Any CPU
	EndGlobalSection
	GlobalSection(SolutionProperties) = preSolution
		HideSolutionNode = FALSE
	EndGlobalSection
	GlobalSection(MonoDevelopProperties) = preSolution
		StartupItem = Assembly-CSharp.csproj
	EndGlobalSection
EndGlobal
