// !$*UTF8*$!
{
	archiveVersion = 1;
	classes = {
	};
	objectVersion = 46;
	objects = {

/* Begin PBXBuildFile section */
		FA10CFBF1F97A511008DA978 /* main.cpp in Sources */ = {isa = PBXBuildFile; fileRef = FA10CFBE1F97A511008DA978 /* main.cpp */; };
		FA10CFC71F97A557008DA978 /* PackedArray.cpp in Sources */ = {isa = PBXBuildFile; fileRef = FA10CFC51F97A557008DA978 /* PackedArray.cpp */; };
		FA10CFCA1F97A5EB008DA978 /* TestLab6.cpp in Sources */ = {isa = PBXBuildFile; fileRef = FA10CFC81F97A5EB008DA978 /* TestLab6.cpp */; };
/* End PBXBuildFile section */

/* Begin PBXCopyFilesBuildPhase section */
		FA10CFB91F97A511008DA978 /* CopyFiles */ = {
			isa = PBXCopyFilesBuildPhase;
			buildActionMask = 2147483647;
			dstPath = /usr/share/man/man1/;
			dstSubfolderSpec = 0;
			files = (
			);
			runOnlyForDeploymentPostprocessing = 1;
		};
/* End PBXCopyFilesBuildPhase section */

/* Begin PBXFileReference section */
		FA10CFBB1F97A511008DA978 /* Lab06 */ = {isa = PBXFileReference; explicitFileType = "compiled.mach-o.executable"; includeInIndex = 0; path = Lab06; sourceTree = BUILT_PRODUCTS_DIR; };
		FA10CFBE1F97A511008DA978 /* main.cpp */ = {isa = PBXFileReference; lastKnownFileType = sourcecode.cpp.cpp; path = main.cpp; sourceTree = "<group>"; };
		FA10CFC51F97A557008DA978 /* PackedArray.cpp */ = {isa = PBXFileReference; fileEncoding = 4; lastKnownFileType = sourcecode.cpp.cpp; path = PackedArray.cpp; sourceTree = "<group>"; };
		FA10CFC61F97A557008DA978 /* PackedArray.hpp */ = {isa = PBXFileReference; fileEncoding = 4; lastKnownFileType = sourcecode.cpp.h; path = PackedArray.hpp; sourceTree = "<group>"; };
		FA10CFC81F97A5EB008DA978 /* TestLab6.cpp */ = {isa = PBXFileReference; fileEncoding = 4; lastKnownFileType = sourcecode.cpp.cpp; path = TestLab6.cpp; sourceTree = "<group>"; };
		FA10CFC91F97A5EB008DA978 /* TestLab6.hpp */ = {isa = PBXFileReference; fileEncoding = 4; lastKnownFileType = sourcecode.cpp.h; path = TestLab6.hpp; sourceTree = "<group>"; };
/* End PBXFileReference section */

/* Begin PBXFrameworksBuildPhase section */
		FA10CFB81F97A511008DA978 /* Frameworks */ = {
			isa = PBXFrameworksBuildPhase;
			buildActionMask = 2147483647;
			files = (
			);
			runOnlyForDeploymentPostprocessing = 0;
		};
/* End PBXFrameworksBuildPhase section */

/* Begin PBXGroup section */
		FA10CFB21F97A511008DA978 = {
			isa = PBXGroup;
			children = (
				FA10CFBD1F97A511008DA978 /* Lab06 */,
				FA10CFBC1F97A511008DA978 /* Products */,
			);
			sourceTree = "<group>";
		};
		FA10CFBC1F97A511008DA978 /* Products */ = {
			isa = PBXGroup;
			children = (
				FA10CFBB1F97A511008DA978 /* Lab06 */,
			);
			name = Products;
			sourceTree = "<group>";
		};
		FA10CFBD1F97A511008DA978 /* Lab06 */ = {
			isa = PBXGroup;
			children = (
				FA10CFBE1F97A511008DA978 /* main.cpp */,
				FA10CFC51F97A557008DA978 /* PackedArray.cpp */,
				FA10CFC61F97A557008DA978 /* PackedArray.hpp */,
				FA10CFC81F97A5EB008DA978 /* TestLab6.cpp */,
				FA10CFC91F97A5EB008DA978 /* TestLab6.hpp */,
			);
			path = Lab06;
			sourceTree = "<group>";
		};
/* End PBXGroup section */

/* Begin PBXNativeTarget section */
		FA10CFBA1F97A511008DA978 /* Lab06 */ = {
			isa = PBXNativeTarget;
			buildConfigurationList = FA10CFC21F97A511008DA978 /* Build configuration list for PBXNativeTarget "Lab06" */;
			buildPhases = (
				FA10CFB71F97A511008DA978 /* Sources */,
				FA10CFB81F97A511008DA978 /* Frameworks */,
				FA10CFB91F97A511008DA978 /* CopyFiles */,
			);
			buildRules = (
			);
			dependencies = (
			);
			name = Lab06;
			productName = Lab06;
			productReference = FA10CFBB1F97A511008DA978 /* Lab06 */;
			productType = "com.apple.product-type.tool";
		};
/* End PBXNativeTarget section */

/* Begin PBXProject section */
		FA10CFB31F97A511008DA978 /* Project object */ = {
			isa = PBXProject;
			attributes = {
				LastUpgradeCheck = 0830;
				ORGANIZATIONNAME = "Alex Solorio";
				TargetAttributes = {
					FA10CFBA1F97A511008DA978 = {
						CreatedOnToolsVersion = 8.3.3;
						ProvisioningStyle = Automatic;
					};
				};
			};
			buildConfigurationList = FA10CFB61F97A511008DA978 /* Build configuration list for PBXProject "Lab06" */;
			compatibilityVersion = "Xcode 3.2";
			developmentRegion = English;
			hasScannedForEncodings = 0;
			knownRegions = (
				en,
			);
			mainGroup = FA10CFB21F97A511008DA978;
			productRefGroup = FA10CFBC1F97A511008DA978 /* Products */;
			projectDirPath = "";
			projectRoot = "";
			targets = (
				FA10CFBA1F97A511008DA978 /* Lab06 */,
			);
		};
/* End PBXProject section */

/* Begin PBXSourcesBuildPhase section */
		FA10CFB71F97A511008DA978 /* Sources */ = {
			isa = PBXSourcesBuildPhase;
			buildActionMask = 2147483647;
			files = (
				FA10CFBF1F97A511008DA978 /* main.cpp in Sources */,
				FA10CFCA1F97A5EB008DA978 /* TestLab6.cpp in Sources */,
				FA10CFC71F97A557008DA978 /* PackedArray.cpp in Sources */,
			);
			runOnlyForDeploymentPostprocessing = 0;
		};
/* End PBXSourcesBuildPhase section */

/* Begin XCBuildConfiguration section */
		FA10CFC01F97A511008DA978 /* Debug */ = {
			isa = XCBuildConfiguration;
			buildSettings = {
				ALWAYS_SEARCH_USER_PATHS = NO;
				CLANG_ANALYZER_NONNULL = YES;
				CLANG_ANALYZER_NUMBER_OBJECT_CONVERSION = YES_AGGRESSIVE;
				CLANG_CXX_LANGUAGE_STANDARD = "gnu++0x";
				CLANG_CXX_LIBRARY = "libc++";
				CLANG_ENABLE_MODULES = YES;
				CLANG_ENABLE_OBJC_ARC = YES;
				CLANG_WARN_BOOL_CONVERSION = YES;
				CLANG_WARN_CONSTANT_CONVERSION = YES;
				CLANG_WARN_DIRECT_OBJC_ISA_USAGE = YES_ERROR;
				CLANG_WARN_DOCUMENTATION_COMMENTS = YES;
				CLANG_WARN_EMPTY_BODY = YES;
				CLANG_WARN_ENUM_CONVERSION = YES;
				CLANG_WARN_INFINITE_RECURSION = YES;
				CLANG_WARN_INT_CONVERSION = YES;
				CLANG_WARN_OBJC_ROOT_CLASS = YES_ERROR;
				CLANG_WARN_SUSPICIOUS_MOVE = YES;
				CLANG_WARN_UNREACHABLE_CODE = YES;
				CLANG_WARN__DUPLICATE_METHOD_MATCH = YES;
				CODE_SIGN_IDENTITY = "-";
				COPY_PHASE_STRIP = NO;
				DEBUG_INFORMATION_FORMAT = dwarf;
				ENABLE_STRICT_OBJC_MSGSEND = YES;
				ENABLE_TESTABILITY = YES;
				GCC_C_LANGUAGE_STANDARD = gnu99;
				GCC_DYNAMIC_NO_PIC = NO;
				GCC_NO_COMMON_BLOCKS = YES;
				GCC_OPTIMIZATION_LEVEL = 0;
				GCC_PREPROCESSOR_DEFINITIONS = (
					"DEBUG=1",
					"$(inherited)",
				);
				GCC_WARN_64_TO_32_BIT_CONVERSION = YES;
				GCC_WARN_ABOUT_RETURN_TYPE = YES_ERROR;
				GCC_WARN_UNDECLARED_SELECTOR = YES;
				GCC_WARN_UNINITIALIZED_AUTOS = YES_AGGRESSIVE;
				GCC_WARN_UNUSED_FUNCTION = YES;
				GCC_WARN_UNUSED_VARIABLE = YES;
				MACOSX_DEPLOYMENT_TARGET = 10.12;
				MTL_ENABLE_DEBUG_INFO = YES;
				ONLY_ACTIVE_ARCH = YES;
				SDKROOT = macosx;
			};
			name = Debug;
		};
		FA10CFC11F97A511008DA978 /* Release */ = {
			isa = XCBuildConfiguration;
			buildSettings = {
				ALWAYS_SEARCH_USER_PATHS = NO;
				CLANG_ANALYZER_NONNULL = YES;
				CLANG_ANALYZER_NUMBER_OBJECT_CONVERSION = YES_AGGRESSIVE;
				CLANG_CXX_LANGUAGE_STANDARD = "gnu++0x";
				CLANG_CXX_LIBRARY = "libc++";
				CLANG_ENABLE_MODULES = YES;
				CLANG_ENABLE_OBJC_ARC = YES;
				CLANG_WARN_BOOL_CONVERSION = YES;
				CLANG_WARN_CONSTANT_CONVERSION = YES;
				CLANG_WARN_DIRECT_OBJC_ISA_USAGE = YES_ERROR;
				CLANG_WARN_DOCUMENTATION_COMMENTS = YES;
				CLANG_WARN_EMPTY_BODY = YES;
				CLANG_WARN_ENUM_CONVERSION = YES;
				CLANG_WARN_INFINITE_RECURSION = YES;
				CLANG_WARN_INT_CONVERSION = YES;
				CLANG_WARN_OBJC_ROOT_CLASS = YES_ERROR;
				CLANG_WARN_SUSPICIOUS_MOVE = YES;
				CLANG_WARN_UNREACHABLE_CODE = YES;
				CLANG_WARN__DUPLICATE_METHOD_MATCH = YES;
				CODE_SIGN_IDENTITY = "-";
				COPY_PHASE_STRIP = NO;
				DEBUG_INFORMATION_FORMAT = "dwarf-with-dsym";
				ENABLE_NS_ASSERTIONS = NO;
				ENABLE_STRICT_OBJC_MSGSEND = YES;
				GCC_C_LANGUAGE_STANDARD = gnu99;
				GCC_NO_COMMON_BLOCKS = YES;
				GCC_WARN_64_TO_32_BIT_CONVERSION = YES;
				GCC_WARN_ABOUT_RETURN_TYPE = YES_ERROR;
				GCC_WARN_UNDECLARED_SELECTOR = YES;
				GCC_WARN_UNINITIALIZED_AUTOS = YES_AGGRESSIVE;
				GCC_WARN_UNUSED_FUNCTION = YES;
				GCC_WARN_UNUSED_VARIABLE = YES;
				MACOSX_DEPLOYMENT_TARGET = 10.12;
				MTL_ENABLE_DEBUG_INFO = NO;
				SDKROOT = macosx;
			};
			name = Release;
		};
		FA10CFC31F97A511008DA978 /* Debug */ = {
			isa = XCBuildConfiguration;
			buildSettings = {
				PRODUCT_NAME = "$(TARGET_NAME)";
			};
			name = Debug;
		};
		FA10CFC41F97A511008DA978 /* Release */ = {
			isa = XCBuildConfiguration;
			buildSettings = {
				PRODUCT_NAME = "$(TARGET_NAME)";
			};
			name = Release;
		};
/* End XCBuildConfiguration section */

/* Begin XCConfigurationList section */
		FA10CFB61F97A511008DA978 /* Build configuration list for PBXProject "Lab06" */ = {
			isa = XCConfigurationList;
			buildConfigurations = (
				FA10CFC01F97A511008DA978 /* Debug */,
				FA10CFC11F97A511008DA978 /* Release */,
			);
			defaultConfigurationIsVisible = 0;
			defaultConfigurationName = Release;
		};
		FA10CFC21F97A511008DA978 /* Build configuration list for PBXNativeTarget "Lab06" */ = {
			isa = XCConfigurationList;
			buildConfigurations = (
				FA10CFC31F97A511008DA978 /* Debug */,
				FA10CFC41F97A511008DA978 /* Release */,
			);
			defaultConfigurationIsVisible = 0;
		};
/* End XCConfigurationList section */
	};
	rootObject = FA10CFB31F97A511008DA978 /* Project object */;
}
